// !$*UTF8*$!
{
	archiveVersion = 1;
	classes = {
	};
	objectVersion = 46;
	objects = {

/* Begin PBXFileReference section */
		6A07E12F1ADB4FDA00DD8313 /* TC2_original.txt */ = {isa = PBXFileReference; lastKnownFileType = text; path = TC2_original.txt; sourceTree = "<group>"; };
		6A07E1301ADB6A3300DD8313 /* TC2_orig_out.txt */ = {isa = PBXFileReference; lastKnownFileType = text; path = TC2_orig_out.txt; sourceTree = "<group>"; };
		6A3C23B61AD1C7D900A0E27B /* bTree.cpp */ = {isa = PBXFileReference; lastKnownFileType = sourcecode.cpp.cpp; path = bTree.cpp; sourceTree = "<group>"; };
		6A3C23B71AD1C7D900A0E27B /* bTree.h */ = {isa = PBXFileReference; lastKnownFileType = sourcecode.c.h; path = bTree.h; sourceTree = "<group>"; };
		6A3C23B81AD1C8A900A0E27B /* makefile_old */ = {isa = PBXFileReference; lastKnownFileType = text; path = makefile_old; sourceTree = "<group>"; usesTabs = 1; };
		6A3C23B91AD1C95500A0E27B /* bTree_main.cpp */ = {isa = PBXFileReference; lastKnownFileType = sourcecode.cpp.cpp; path = bTree_main.cpp; sourceTree = "<group>"; };
		6A3C23BA1AD1C9CB00A0E27B /* cop3530_p2_REQUIREMENTS.docx */ = {isa = PBXFileReference; lastKnownFileType = file; path = cop3530_p2_REQUIREMENTS.docx; sourceTree = "<group>"; };
		6AA05BBB1AD5E72B004416E8 /* OP2.txt */ = {isa = PBXFileReference; lastKnownFileType = text; path = OP2.txt; sourceTree = "<group>"; };
		6AA05BBC1AD5E72B004416E8 /* TC2.txt */ = {isa = PBXFileReference; lastKnownFileType = text; path = TC2.txt; sourceTree = "<group>"; };
		6AA05BBD1AD5E72B004416E8 /* OP1.txt */ = {isa = PBXFileReference; lastKnownFileType = text; path = OP1.txt; sourceTree = "<group>"; };
		6AA05BBE1AD5E72B004416E8 /* TC1.txt */ = {isa = PBXFileReference; lastKnownFileType = text; path = TC1.txt; sourceTree = "<group>"; };
		6AA05BBF1AD5E8A6004416E8 /* test.cpp */ = {isa = PBXFileReference; lastKnownFileType = sourcecode.cpp.cpp; path = test.cpp; sourceTree = "<group>"; };
		6AA05BC01AD5EB6D004416E8 /* Node.cpp */ = {isa = PBXFileReference; lastKnownFileType = sourcecode.cpp.cpp; path = Node.cpp; sourceTree = "<group>"; };
		6AA05BC11AD5EB6D004416E8 /* Node.h */ = {isa = PBXFileReference; lastKnownFileType = sourcecode.c.h; path = Node.h; sourceTree = "<group>"; };
		6AA05BC21AD5ED09004416E8 /* Item.cpp */ = {isa = PBXFileReference; lastKnownFileType = sourcecode.cpp.cpp; path = Item.cpp; sourceTree = "<group>"; };
		6AA05BC31AD5ED09004416E8 /* Item.h */ = {isa = PBXFileReference; lastKnownFileType = sourcecode.c.h; path = Item.h; sourceTree = "<group>"; };
		6AB8F5361AD9D7FA00967B54 /* makefile */ = {isa = PBXFileReference; lastKnownFileType = sourcecode.make; path = makefile; sourceTree = "<group>"; usesTabs = 1; };
		6AB8F5371ADA24CB00967B54 /* drew_test.txt */ = {isa = PBXFileReference; lastKnownFileType = text; path = drew_test.txt; sourceTree = "<group>"; };
/* End PBXFileReference section */

/* Begin PBXGroup section */
		6A3C23AF1AD1C68F00A0E27B = {
			isa = PBXGroup;
			children = (
				6AA05BBF1AD5E8A6004416E8 /* test.cpp */,
				6A3C23BA1AD1C9CB00A0E27B /* cop3530_p2_REQUIREMENTS.docx */,
				6AB8F5371ADA24CB00967B54 /* drew_test.txt */,
				6AA05BBE1AD5E72B004416E8 /* TC1.txt */,
				6AA05BBD1AD5E72B004416E8 /* OP1.txt */,
				6AA05BBC1AD5E72B004416E8 /* TC2.txt */,
				6A07E12F1ADB4FDA00DD8313 /* TC2_original.txt */,
				6A07E1301ADB6A3300DD8313 /* TC2_orig_out.txt */,
				6AA05BBB1AD5E72B004416E8 /* OP2.txt */,
				6A3C23B81AD1C8A900A0E27B /* makefile_old */,
				6AB8F5361AD9D7FA00967B54 /* makefile */,
				6A3C23B91AD1C95500A0E27B /* bTree_main.cpp */,
				6A3C23B71AD1C7D900A0E27B /* bTree.h */,
				6A3C23B61AD1C7D900A0E27B /* bTree.cpp */,
				6AA05BC11AD5EB6D004416E8 /* Node.h */,
				6AA05BC01AD5EB6D004416E8 /* Node.cpp */,
				6AA05BC31AD5ED09004416E8 /* Item.h */,
				6AA05BC21AD5ED09004416E8 /* Item.cpp */,
			);
			sourceTree = "<group>";
		};
/* End PBXGroup section */

/* Begin PBXProject section */
		6A3C23B01AD1C68F00A0E27B /* Project object */ = {
			isa = PBXProject;
			attributes = {
				LastUpgradeCheck = 0620;
			};
			buildConfigurationList = 6A3C23B31AD1C68F00A0E27B /* Build configuration list for PBXProject "Project2" */;
			compatibilityVersion = "Xcode 3.2";
			developmentRegion = English;
			hasScannedForEncodings = 0;
			knownRegions = (
				en,
			);
			mainGroup = 6A3C23AF1AD1C68F00A0E27B;
			projectDirPath = "";
			projectRoot = "";
			targets = (
			);
		};
/* End PBXProject section */

/* Begin XCBuildConfiguration section */
		6A3C23B41AD1C68F00A0E27B /* Debug */ = {
			isa = XCBuildConfiguration;
			buildSettings = {
			};
			name = Debug;
		};
		6A3C23B51AD1C68F00A0E27B /* Release */ = {
			isa = XCBuildConfiguration;
			buildSettings = {
			};
			name = Release;
		};
/* End XCBuildConfiguration section */

/* Begin XCConfigurationList section */
		6A3C23B31AD1C68F00A0E27B /* Build configuration list for PBXProject "Project2" */ = {
			isa = XCConfigurationList;
			buildConfigurations = (
				6A3C23B41AD1C68F00A0E27B /* Debug */,
				6A3C23B51AD1C68F00A0E27B /* Release */,
			);
			defaultConfigurationIsVisible = 0;
			defaultConfigurationName = Release;
		};
/* End XCConfigurationList section */
	};
	rootObject = 6A3C23B01AD1C68F00A0E27B /* Project object */;
}
